
Microsoft Visual Studio Solution File, Format Version 12.00
# Visual Studio Version 16
VisualStudioVersion = 16.0.28621.142
MinimumVisualStudioVersion = 10.0.40219.1
Project("{FAE04EC0-301F-11D3-BF4B-00C04F79EFBC}") = "SimpleFastPortScanner", "SimpleFastPortScanner\SimpleFastPortScanner.csproj", "{E1FF8FF3-A6F1-4156-895E-04F2CB6C4120}"
EndProject
Global
	GlobalSection(SolutionConfigurationPlatforms) = preSolution
		Debug|Any CPU = Debug|Any CPU
		Release|Any CPU = Release|Any CPU
	EndGlobalSection
	GlobalSection(ProjectConfigurationPlatforms) = postSolution
		{E1FF8FF3-A6F1-4156-895E-04F2CB6C4120}.Debug|Any CPU.ActiveCfg = Debug|Any CPU
		{E1FF8FF3-A6F1-4156-895E-04F2CB6C4120}.Debug|Any CPU.Build.0 = Debug|Any CPU
		{E1FF8FF3-A6F1-4156-895E-04F2CB6C4120}.Release|Any CPU.ActiveCfg = Release|Any CPU
		{E1FF8FF3-A6F1-4156-895E-04F2CB6C4120}.Release|Any CPU.Build.0 = Release|Any CPU
	EndGlobalSection
	GlobalSection(SolutionProperties) = preSolution
		HideSolutionNode = FALSE
	EndGlobalSection
	GlobalSection(ExtensibilityGlobals) = postSolution
		SolutionGuid = {0249BBD8-0336-434D-87C7-1F1C1B028876}
	EndGlobalSection
EndGlobal
